{
  "name": "MMM-GoogleMaps-Tracking",
  "version": "2.1.0",
  "lockfileVersion": 2,
  "requires": true,
  "packages": {
    "": {
      "version": "2.1.0",
      "license": "MIT",
      "dependencies": {
        "@googlemaps/markerwithlabel": "latest"
      }
    },
    "node_modules/@googlemaps/markerwithlabel": {
      "version": "1.0.3",
      "resolved": "https://registry.npmjs.org/@googlemaps/markerwithlabel/-/markerwithlabel-1.0.3.tgz",
      "integrity": "sha512-K1CATqFMj5tIdJWj99hGG8/AhD5YoIKMGJF+o8pJSOw84rLOm6dopkdoN62BarFiRzXVac71VvHW6nP0+1TYcA=="
    }
  },
  "dependencies": {
    "@googlemaps/markerwithlabel": {
      "version": "1.0.3",
      "resolved": "https://registry.npmjs.org/@googlemaps/markerwithlabel/-/markerwithlabel-1.0.3.tgz",
      "integrity": "sha512-K1CATqFMj5tIdJWj99hGG8/AhD5YoIKMGJF+o8pJSOw84rLOm6dopkdoN62BarFiRzXVac71VvHW6nP0+1TYcA=="
    }
  }
}
