{
  "name": "MMM-GoogleMaps-Tracking",
  "version": "2.1.0",
  "lockfileVersion": 3,
  "requires": true,
  "packages": {
    "": {
      "name": "MMM-GoogleMaps-Tracking",
      "version": "2.1.0",
      "license": "MIT",
      "dependencies": {
        "@googlemaps/markerwithlabel": "^2.0.28"
      }
    },
    "node_modules/@googlemaps/markerwithlabel": {
      "version": "2.0.28",
      "resolved": "https://registry.npmjs.org/@googlemaps/markerwithlabel/-/markerwithlabel-2.0.28.tgz",
      "integrity": "sha512-4u0UVqeELgHDvR+3ibInIhJHFJYg1jH0R4SXq2TXRu95HHdzQwJoBbC7eo/k+cRGWBwabzHo48sa87g9k8mvMw==",
      "license": "Apache-2.0"
    }
  }
}
